// !$*UTF8*$!
{
	archiveVersion = 1;
	classes = {
	};
	objectVersion = 56;
	objects = {

/* Begin PBXBuildFile section */
		58DEF9212C61A69E00EACE90 /* Youtube_Mini_Player_simiulation_SwiftUIApp.swift in Sources */ = {isa = PBXBuildFile; fileRef = 58DEF9202C61A69E00EACE90 /* Youtube_Mini_Player_simiulation_SwiftUIApp.swift */; };
		58DEF9232C61A69E00EACE90 /* ContentView.swift in Sources */ = {isa = PBXBuildFile; fileRef = 58DEF9222C61A69E00EACE90 /* ContentView.swift */; };
		58DEF9252C61A69F00EACE90 /* Assets.xcassets in Resources */ = {isa = PBXBuildFile; fileRef = 58DEF9242C61A69F00EACE90 /* Assets.xcassets */; };
		58DEF9282C61A69F00EACE90 /* Preview Assets.xcassets in Resources */ = {isa = PBXBuildFile; fileRef = 58DEF9272C61A69F00EACE90 /* Preview Assets.xcassets */; };
		58DEF9312C61A6D100EACE90 /* Tab.swift in Sources */ = {isa = PBXBuildFile; fileRef = 58DEF9302C61A6D100EACE90 /* Tab.swift */; };
		58DEF9332C61A76900EACE90 /* Home.swift in Sources */ = {isa = PBXBuildFile; fileRef = 58DEF9322C61A76900EACE90 /* Home.swift */; };
		58DEF9362C61A80D00EACE90 /* ViewExtensions.swift in Sources */ = {isa = PBXBuildFile; fileRef = 58DEF9352C61A80D00EACE90 /* ViewExtensions.swift */; };
		58DEF9382C61AF6500EACE90 /* PlayerItem.swift in Sources */ = {isa = PBXBuildFile; fileRef = 58DEF9372C61AF6500EACE90 /* PlayerItem.swift */; };
		58DEF93A2C61C7E600EACE90 /* PlayerConfig.swift in Sources */ = {isa = PBXBuildFile; fileRef = 58DEF9392C61C7E600EACE90 /* PlayerConfig.swift */; };
		58DEF93C2C61C8DC00EACE90 /* MiniPlayerView.swift in Sources */ = {isa = PBXBuildFile; fileRef = 58DEF93B2C61C8DC00EACE90 /* MiniPlayerView.swift */; };
/* End PBXBuildFile section */

/* Begin PBXFileReference section */
		58DEF91D2C61A69E00EACE90 /* Youtube Mini Player simulation-SwiftUI.app */ = {isa = PBXFileReference; explicitFileType = wrapper.application; includeInIndex = 0; path = "Youtube Mini Player simulation-SwiftUI.app"; sourceTree = BUILT_PRODUCTS_DIR; };
		58DEF9202C61A69E00EACE90 /* Youtube_Mini_Player_simiulation_SwiftUIApp.swift */ = {isa = PBXFileReference; lastKnownFileType = sourcecode.swift; path = Youtube_Mini_Player_simiulation_SwiftUIApp.swift; sourceTree = "<group>"; };
		58DEF9222C61A69E00EACE90 /* ContentView.swift */ = {isa = PBXFileReference; lastKnownFileType = sourcecode.swift; path = ContentView.swift; sourceTree = "<group>"; };
		58DEF9242C61A69F00EACE90 /* Assets.xcassets */ = {isa = PBXFileReference; lastKnownFileType = folder.assetcatalog; path = Assets.xcassets; sourceTree = "<group>"; };
		58DEF9272C61A69F00EACE90 /* Preview Assets.xcassets */ = {isa = PBXFileReference; lastKnownFileType = folder.assetcatalog; path = "Preview Assets.xcassets"; sourceTree = "<group>"; };
		58DEF9302C61A6D100EACE90 /* Tab.swift */ = {isa = PBXFileReference; lastKnownFileType = sourcecode.swift; path = Tab.swift; sourceTree = "<group>"; };
		58DEF9322C61A76900EACE90 /* Home.swift */ = {isa = PBXFileReference; lastKnownFileType = sourcecode.swift; path = Home.swift; sourceTree = "<group>"; };
		58DEF9352C61A80D00EACE90 /* ViewExtensions.swift */ = {isa = PBXFileReference; lastKnownFileType = sourcecode.swift; path = ViewExtensions.swift; sourceTree = "<group>"; };
		58DEF9372C61AF6500EACE90 /* PlayerItem.swift */ = {isa = PBXFileReference; lastKnownFileType = sourcecode.swift; path = PlayerItem.swift; sourceTree = "<group>"; };
		58DEF9392C61C7E600EACE90 /* PlayerConfig.swift */ = {isa = PBXFileReference; lastKnownFileType = sourcecode.swift; path = PlayerConfig.swift; sourceTree = "<group>"; };
		58DEF93B2C61C8DC00EACE90 /* MiniPlayerView.swift */ = {isa = PBXFileReference; lastKnownFileType = sourcecode.swift; path = MiniPlayerView.swift; sourceTree = "<group>"; };
/* End PBXFileReference section */

/* Begin PBXFrameworksBuildPhase section */
		58DEF91A2C61A69E00EACE90 /* Frameworks */ = {
			isa = PBXFrameworksBuildPhase;
			buildActionMask = 2147483647;
			files = (
			);
			runOnlyForDeploymentPostprocessing = 0;
		};
/* End PBXFrameworksBuildPhase section */

/* Begin PBXGroup section */
		58DEF9142C61A69E00EACE90 = {
			isa = PBXGroup;
			children = (
				58DEF91F2C61A69E00EACE90 /* Youtube Mini Player simiulation-SwiftUI */,
				58DEF91E2C61A69E00EACE90 /* Products */,
			);
			sourceTree = "<group>";
		};
		58DEF91E2C61A69E00EACE90 /* Products */ = {
			isa = PBXGroup;
			children = (
				58DEF91D2C61A69E00EACE90 /* Youtube Mini Player simulation-SwiftUI.app */,
			);
			name = Products;
			sourceTree = "<group>";
		};
		58DEF91F2C61A69E00EACE90 /* Youtube Mini Player simiulation-SwiftUI */ = {
			isa = PBXGroup;
			children = (
				58DEF9342C61A80000EACE90 /* Helpers */,
				58DEF92F2C61A6BC00EACE90 /* View */,
				58DEF92E2C61A6B700EACE90 /* Model */,
				58DEF9202C61A69E00EACE90 /* Youtube_Mini_Player_simiulation_SwiftUIApp.swift */,
				58DEF9222C61A69E00EACE90 /* ContentView.swift */,
				58DEF9242C61A69F00EACE90 /* Assets.xcassets */,
				58DEF9262C61A69F00EACE90 /* Preview Content */,
			);
			path = "Youtube Mini Player simiulation-SwiftUI";
			sourceTree = "<group>";
		};
		58DEF9262C61A69F00EACE90 /* Preview Content */ = {
			isa = PBXGroup;
			children = (
				58DEF9272C61A69F00EACE90 /* Preview Assets.xcassets */,
			);
			path = "Preview Content";
			sourceTree = "<group>";
		};
		58DEF92E2C61A6B700EACE90 /* Model */ = {
			isa = PBXGroup;
			children = (
				58DEF9372C61AF6500EACE90 /* PlayerItem.swift */,
				58DEF9392C61C7E600EACE90 /* PlayerConfig.swift */,
				58DEF9302C61A6D100EACE90 /* Tab.swift */,
			);
			path = Model;
			sourceTree = "<group>";
		};
		58DEF92F2C61A6BC00EACE90 /* View */ = {
			isa = PBXGroup;
			children = (
				58DEF9322C61A76900EACE90 /* Home.swift */,
				58DEF93B2C61C8DC00EACE90 /* MiniPlayerView.swift */,
			);
			path = View;
			sourceTree = "<group>";
		};
		58DEF9342C61A80000EACE90 /* Helpers */ = {
			isa = PBXGroup;
			children = (
				58DEF9352C61A80D00EACE90 /* ViewExtensions.swift */,
			);
			path = Helpers;
			sourceTree = "<group>";
		};
/* End PBXGroup section */

/* Begin PBXNativeTarget section */
		58DEF91C2C61A69E00EACE90 /* Youtube Mini Player simulation-SwiftUI */ = {
			isa = PBXNativeTarget;
			buildConfigurationList = 58DEF92B2C61A69F00EACE90 /* Build configuration list for PBXNativeTarget "Youtube Mini Player simulation-SwiftUI" */;
			buildPhases = (
				58DEF9192C61A69E00EACE90 /* Sources */,
				58DEF91A2C61A69E00EACE90 /* Frameworks */,
				58DEF91B2C61A69E00EACE90 /* Resources */,
			);
			buildRules = (
			);
			dependencies = (
			);
			name = "Youtube Mini Player simulation-SwiftUI";
			productName = "Youtube Mini Player simiulation-SwiftUI";
			productReference = 58DEF91D2C61A69E00EACE90 /* Youtube Mini Player simulation-SwiftUI.app */;
			productType = "com.apple.product-type.application";
		};
/* End PBXNativeTarget section */

/* Begin PBXProject section */
		58DEF9152C61A69E00EACE90 /* Project object */ = {
			isa = PBXProject;
			attributes = {
				BuildIndependentTargetsInParallel = 1;
				LastSwiftUpdateCheck = 1530;
				LastUpgradeCheck = 1530;
				TargetAttributes = {
					58DEF91C2C61A69E00EACE90 = {
						CreatedOnToolsVersion = 15.3;
					};
				};
			};
			buildConfigurationList = 58DEF9182C61A69E00EACE90 /* Build configuration list for PBXProject "Youtube Mini Player simulation-SwiftUI" */;
			compatibilityVersion = "Xcode 14.0";
			developmentRegion = en;
			hasScannedForEncodings = 0;
			knownRegions = (
				en,
				Base,
			);
			mainGroup = 58DEF9142C61A69E00EACE90;
			productRefGroup = 58DEF91E2C61A69E00EACE90 /* Products */;
			projectDirPath = "";
			projectRoot = "";
			targets = (
				58DEF91C2C61A69E00EACE90 /* Youtube Mini Player simulation-SwiftUI */,
			);
		};
/* End PBXProject section */

/* Begin PBXResourcesBuildPhase section */
		58DEF91B2C61A69E00EACE90 /* Resources */ = {
			isa = PBXResourcesBuildPhase;
			buildActionMask = 2147483647;
			files = (
				58DEF9282C61A69F00EACE90 /* Preview Assets.xcassets in Resources */,
				58DEF9252C61A69F00EACE90 /* Assets.xcassets in Resources */,
			);
			runOnlyForDeploymentPostprocessing = 0;
		};
/* End PBXResourcesBuildPhase section */

/* Begin PBXSourcesBuildPhase section */
		58DEF9192C61A69E00EACE90 /* Sources */ = {
			isa = PBXSourcesBuildPhase;
			buildActionMask = 2147483647;
			files = (
				58DEF9312C61A6D100EACE90 /* Tab.swift in Sources */,
				58DEF9232C61A69E00EACE90 /* ContentView.swift in Sources */,
				58DEF9332C61A76900EACE90 /* Home.swift in Sources */,
				58DEF9362C61A80D00EACE90 /* ViewExtensions.swift in Sources */,
				58DEF93C2C61C8DC00EACE90 /* MiniPlayerView.swift in Sources */,
				58DEF9212C61A69E00EACE90 /* Youtube_Mini_Player_simiulation_SwiftUIApp.swift in Sources */,
				58DEF9382C61AF6500EACE90 /* PlayerItem.swift in Sources */,
				58DEF93A2C61C7E600EACE90 /* PlayerConfig.swift in Sources */,
			);
			runOnlyForDeploymentPostprocessing = 0;
		};
/* End PBXSourcesBuildPhase section */

/* Begin XCBuildConfiguration section */
		58DEF9292C61A69F00EACE90 /* Debug */ = {
			isa = XCBuildConfiguration;
			buildSettings = {
				ALWAYS_SEARCH_USER_PATHS = NO;
				ASSETCATALOG_COMPILER_GENERATE_SWIFT_ASSET_SYMBOL_EXTENSIONS = YES;
				CLANG_ANALYZER_NONNULL = YES;
				CLANG_ANALYZER_NUMBER_OBJECT_CONVERSION = YES_AGGRESSIVE;
				CLANG_CXX_LANGUAGE_STANDARD = "gnu++20";
				CLANG_ENABLE_MODULES = YES;
				CLANG_ENABLE_OBJC_ARC = YES;
				CLANG_ENABLE_OBJC_WEAK = YES;
				CLANG_WARN_BLOCK_CAPTURE_AUTORELEASING = YES;
				CLANG_WARN_BOOL_CONVERSION = YES;
				CLANG_WARN_COMMA = YES;
				CLANG_WARN_CONSTANT_CONVERSION = YES;
				CLANG_WARN_DEPRECATED_OBJC_IMPLEMENTATIONS = YES;
				CLANG_WARN_DIRECT_OBJC_ISA_USAGE = YES_ERROR;
				CLANG_WARN_DOCUMENTATION_COMMENTS = YES;
				CLANG_WARN_EMPTY_BODY = YES;
				CLANG_WARN_ENUM_CONVERSION = YES;
				CLANG_WARN_INFINITE_RECURSION = YES;
				CLANG_WARN_INT_CONVERSION = YES;
				CLANG_WARN_NON_LITERAL_NULL_CONVERSION = YES;
				CLANG_WARN_OBJC_IMPLICIT_RETAIN_SELF = YES;
				CLANG_WARN_OBJC_LITERAL_CONVERSION = YES;
				CLANG_WARN_OBJC_ROOT_CLASS = YES_ERROR;
				CLANG_WARN_QUOTED_INCLUDE_IN_FRAMEWORK_HEADER = YES;
				CLANG_WARN_RANGE_LOOP_ANALYSIS = YES;
				CLANG_WARN_STRICT_PROTOTYPES = YES;
				CLANG_WARN_SUSPICIOUS_MOVE = YES;
				CLANG_WARN_UNGUARDED_AVAILABILITY = YES_AGGRESSIVE;
				CLANG_WARN_UNREACHABLE_CODE = YES;
				CLANG_WARN__DUPLICATE_METHOD_MATCH = YES;
				COPY_PHASE_STRIP = NO;
				DEBUG_INFORMATION_FORMAT = dwarf;
				ENABLE_STRICT_OBJC_MSGSEND = YES;
				ENABLE_TESTABILITY = YES;
				ENABLE_USER_SCRIPT_SANDBOXING = YES;
				GCC_C_LANGUAGE_STANDARD = gnu17;
				GCC_DYNAMIC_NO_PIC = NO;
				GCC_NO_COMMON_BLOCKS = YES;
				GCC_OPTIMIZATION_LEVEL = 0;
				GCC_PREPROCESSOR_DEFINITIONS = (
					"DEBUG=1",
					"$(inherited)",
				);
				GCC_WARN_64_TO_32_BIT_CONVERSION = YES;
				GCC_WARN_ABOUT_RETURN_TYPE = YES_ERROR;
				GCC_WARN_UNDECLARED_SELECTOR = YES;
				GCC_WARN_UNINITIALIZED_AUTOS = YES_AGGRESSIVE;
				GCC_WARN_UNUSED_FUNCTION = YES;
				GCC_WARN_UNUSED_VARIABLE = YES;
				IPHONEOS_DEPLOYMENT_TARGET = 17.4;
				LOCALIZATION_PREFERS_STRING_CATALOGS = YES;
				MTL_ENABLE_DEBUG_INFO = INCLUDE_SOURCE;
				MTL_FAST_MATH = YES;
				ONLY_ACTIVE_ARCH = YES;
				SDKROOT = iphoneos;
				SWIFT_ACTIVE_COMPILATION_CONDITIONS = "DEBUG $(inherited)";
				SWIFT_OPTIMIZATION_LEVEL = "-Onone";
			};
			name = Debug;
		};
		58DEF92A2C61A69F00EACE90 /* Release */ = {
			isa = XCBuildConfiguration;
			buildSettings = {
				ALWAYS_SEARCH_USER_PATHS = NO;
				ASSETCATALOG_COMPILER_GENERATE_SWIFT_ASSET_SYMBOL_EXTENSIONS = YES;
				CLANG_ANALYZER_NONNULL = YES;
				CLANG_ANALYZER_NUMBER_OBJECT_CONVERSION = YES_AGGRESSIVE;
				CLANG_CXX_LANGUAGE_STANDARD = "gnu++20";
				CLANG_ENABLE_MODULES = YES;
				CLANG_ENABLE_OBJC_ARC = YES;
				CLANG_ENABLE_OBJC_WEAK = YES;
				CLANG_WARN_BLOCK_CAPTURE_AUTORELEASING = YES;
				CLANG_WARN_BOOL_CONVERSION = YES;
				CLANG_WARN_COMMA = YES;
				CLANG_WARN_CONSTANT_CONVERSION = YES;
				CLANG_WARN_DEPRECATED_OBJC_IMPLEMENTATIONS = YES;
				CLANG_WARN_DIRECT_OBJC_ISA_USAGE = YES_ERROR;
				CLANG_WARN_DOCUMENTATION_COMMENTS = YES;
				CLANG_WARN_EMPTY_BODY = YES;
				CLANG_WARN_ENUM_CONVERSION = YES;
				CLANG_WARN_INFINITE_RECURSION = YES;
				CLANG_WARN_INT_CONVERSION = YES;
				CLANG_WARN_NON_LITERAL_NULL_CONVERSION = YES;
				CLANG_WARN_OBJC_IMPLICIT_RETAIN_SELF = YES;
				CLANG_WARN_OBJC_LITERAL_CONVERSION = YES;
				CLANG_WARN_OBJC_ROOT_CLASS = YES_ERROR;
				CLANG_WARN_QUOTED_INCLUDE_IN_FRAMEWORK_HEADER = YES;
				CLANG_WARN_RANGE_LOOP_ANALYSIS = YES;
				CLANG_WARN_STRICT_PROTOTYPES = YES;
				CLANG_WARN_SUSPICIOUS_MOVE = YES;
				CLANG_WARN_UNGUARDED_AVAILABILITY = YES_AGGRESSIVE;
				CLANG_WARN_UNREACHABLE_CODE = YES;
				CLANG_WARN__DUPLICATE_METHOD_MATCH = YES;
				COPY_PHASE_STRIP = NO;
				DEBUG_INFORMATION_FORMAT = "dwarf-with-dsym";
				ENABLE_NS_ASSERTIONS = NO;
				ENABLE_STRICT_OBJC_MSGSEND = YES;
				ENABLE_USER_SCRIPT_SANDBOXING = YES;
				GCC_C_LANGUAGE_STANDARD = gnu17;
				GCC_NO_COMMON_BLOCKS = YES;
				GCC_WARN_64_TO_32_BIT_CONVERSION = YES;
				GCC_WARN_ABOUT_RETURN_TYPE = YES_ERROR;
				GCC_WARN_UNDECLARED_SELECTOR = YES;
				GCC_WARN_UNINITIALIZED_AUTOS = YES_AGGRESSIVE;
				GCC_WARN_UNUSED_FUNCTION = YES;
				GCC_WARN_UNUSED_VARIABLE = YES;
				IPHONEOS_DEPLOYMENT_TARGET = 17.4;
				LOCALIZATION_PREFERS_STRING_CATALOGS = YES;
				MTL_ENABLE_DEBUG_INFO = NO;
				MTL_FAST_MATH = YES;
				SDKROOT = iphoneos;
				SWIFT_COMPILATION_MODE = wholemodule;
				VALIDATE_PRODUCT = YES;
			};
			name = Release;
		};
		58DEF92C2C61A69F00EACE90 /* Debug */ = {
			isa = XCBuildConfiguration;
			buildSettings = {
				ASSETCATALOG_COMPILER_APPICON_NAME = AppIcon;
				ASSETCATALOG_COMPILER_GLOBAL_ACCENT_COLOR_NAME = AccentColor;
				CODE_SIGN_STYLE = Automatic;
				CURRENT_PROJECT_VERSION = 1;
				DEVELOPMENT_ASSET_PATHS = "\"Youtube Mini Player simiulation-SwiftUI/Preview Content\"";
				DEVELOPMENT_TEAM = MXA2TCQ2W4;
				ENABLE_PREVIEWS = YES;
				GENERATE_INFOPLIST_FILE = YES;
				INFOPLIST_KEY_UIApplicationSceneManifest_Generation = YES;
				INFOPLIST_KEY_UIApplicationSupportsIndirectInputEvents = YES;
				INFOPLIST_KEY_UILaunchScreen_Generation = YES;
				INFOPLIST_KEY_UISupportedInterfaceOrientations_iPad = "UIInterfaceOrientationPortrait UIInterfaceOrientationPortraitUpsideDown UIInterfaceOrientationLandscapeLeft UIInterfaceOrientationLandscapeRight";
				INFOPLIST_KEY_UISupportedInterfaceOrientations_iPhone = "UIInterfaceOrientationPortrait UIInterfaceOrientationLandscapeLeft UIInterfaceOrientationLandscapeRight";
				LD_RUNPATH_SEARCH_PATHS = (
					"$(inherited)",
					"@executable_path/Frameworks",
				);
				MARKETING_VERSION = 1.0;
				PRODUCT_BUNDLE_IDENTIFIER = "Omar.Youtube-Mini-Player-simiulation-SwiftUI";
				PRODUCT_NAME = "$(TARGET_NAME)";
				SWIFT_EMIT_LOC_STRINGS = YES;
				SWIFT_VERSION = 5.0;
				TARGETED_DEVICE_FAMILY = "1,2";
			};
			name = Debug;
		};
		58DEF92D2C61A69F00EACE90 /* Release */ = {
			isa = XCBuildConfiguration;
			buildSettings = {
				ASSETCATALOG_COMPILER_APPICON_NAME = AppIcon;
				ASSETCATALOG_COMPILER_GLOBAL_ACCENT_COLOR_NAME = AccentColor;
				CODE_SIGN_STYLE = Automatic;
				CURRENT_PROJECT_VERSION = 1;
				DEVELOPMENT_ASSET_PATHS = "\"Youtube Mini Player simiulation-SwiftUI/Preview Content\"";
				DEVELOPMENT_TEAM = MXA2TCQ2W4;
				ENABLE_PREVIEWS = YES;
				GENERATE_INFOPLIST_FILE = YES;
				INFOPLIST_KEY_UIApplicationSceneManifest_Generation = YES;
				INFOPLIST_KEY_UIApplicationSupportsIndirectInputEvents = YES;
				INFOPLIST_KEY_UILaunchScreen_Generation = YES;
				INFOPLIST_KEY_UISupportedInterfaceOrientations_iPad = "UIInterfaceOrientationPortrait UIInterfaceOrientationPortraitUpsideDown UIInterfaceOrientationLandscapeLeft UIInterfaceOrientationLandscapeRight";
				INFOPLIST_KEY_UISupportedInterfaceOrientations_iPhone = "UIInterfaceOrientationPortrait UIInterfaceOrientationLandscapeLeft UIInterfaceOrientationLandscapeRight";
				LD_RUNPATH_SEARCH_PATHS = (
					"$(inherited)",
					"@executable_path/Frameworks",
				);
				MARKETING_VERSION = 1.0;
				PRODUCT_BUNDLE_IDENTIFIER = "Omar.Youtube-Mini-Player-simiulation-SwiftUI";
				PRODUCT_NAME = "$(TARGET_NAME)";
				SWIFT_EMIT_LOC_STRINGS = YES;
				SWIFT_VERSION = 5.0;
				TARGETED_DEVICE_FAMILY = "1,2";
			};
			name = Release;
		};
/* End XCBuildConfiguration section */

/* Begin XCConfigurationList section */
		58DEF9182C61A69E00EACE90 /* Build configuration list for PBXProject "Youtube Mini Player simulation-SwiftUI" */ = {
			isa = XCConfigurationList;
			buildConfigurations = (
				58DEF9292C61A69F00EACE90 /* Debug */,
				58DEF92A2C61A69F00EACE90 /* Release */,
			);
			defaultConfigurationIsVisible = 0;
			defaultConfigurationName = Release;
		};
		58DEF92B2C61A69F00EACE90 /* Build configuration list for PBXNativeTarget "Youtube Mini Player simulation-SwiftUI" */ = {
			isa = XCConfigurationList;
			buildConfigurations = (
				58DEF92C2C61A69F00EACE90 /* Debug */,
				58DEF92D2C61A69F00EACE90 /* Release */,
			);
			defaultConfigurationIsVisible = 0;
			defaultConfigurationName = Release;
		};
/* End XCConfigurationList section */
	};
	rootObject = 58DEF9152C61A69E00EACE90 /* Project object */;
}
